
Microsoft Visual Studio Solution File, Format Version 12.00
# Visual Studio 15
VisualStudioVersion = 15.0.28307.1758
MinimumVisualStudioVersion = 10.0.40219.1
Project("{FAE04EC0-301F-11D3-BF4B-00C04F79EFBC}") = "BonusCalculation", "BonusCalculation\BonusCalculation.csproj", "{68F545EA-A130-445E-A205-6A55D5D014BF}"
EndProject
Global
	GlobalSection(SolutionConfigurationPlatforms) = preSolution
		Debug|Any CPU = Debug|Any CPU
		Release|Any CPU = Release|Any CPU
	EndGlobalSection
	GlobalSection(ProjectConfigurationPlatforms) = postSolution
		{68F545EA-A130-445E-A205-6A55D5D014BF}.Debug|Any CPU.ActiveCfg = Debug|Any CPU
		{68F545EA-A130-445E-A205-6A55D5D014BF}.Debug|Any CPU.Build.0 = Debug|Any CPU
		{68F545EA-A130-445E-A205-6A55D5D014BF}.Release|Any CPU.ActiveCfg = Release|Any CPU
		{68F545EA-A130-445E-A205-6A55D5D014BF}.Release|Any CPU.Build.0 = Release|Any CPU
	EndGlobalSection
	GlobalSection(SolutionProperties) = preSolution
		HideSolutionNode = FALSE
	EndGlobalSection
	GlobalSection(ExtensibilityGlobals) = postSolution
		SolutionGuid = {BD332F63-0A5E-4869-A1CD-5BD0C66BBDB4}
	EndGlobalSection
EndGlobal
