
Microsoft Visual Studio Solution File, Format Version 12.00
# Visual Studio 15
VisualStudioVersion = 15.0.28307.1758
MinimumVisualStudioVersion = 10.0.40219.1
Project("{FAE04EC0-301F-11D3-BF4B-00C04F79EFBC}") = "PaintEstimate", "PaintEstimate\PaintEstimate.csproj", "{8C39D9DD-F2D9-4111-B97B-E222D2C6C6D0}"
EndProject
Global
	GlobalSection(SolutionConfigurationPlatforms) = preSolution
		Debug|Any CPU = Debug|Any CPU
		Release|Any CPU = Release|Any CPU
	EndGlobalSection
	GlobalSection(ProjectConfigurationPlatforms) = postSolution
		{8C39D9DD-F2D9-4111-B97B-E222D2C6C6D0}.Debug|Any CPU.ActiveCfg = Debug|Any CPU
		{8C39D9DD-F2D9-4111-B97B-E222D2C6C6D0}.Debug|Any CPU.Build.0 = Debug|Any CPU
		{8C39D9DD-F2D9-4111-B97B-E222D2C6C6D0}.Release|Any CPU.ActiveCfg = Release|Any CPU
		{8C39D9DD-F2D9-4111-B97B-E222D2C6C6D0}.Release|Any CPU.Build.0 = Release|Any CPU
	EndGlobalSection
	GlobalSection(SolutionProperties) = preSolution
		HideSolutionNode = FALSE
	EndGlobalSection
	GlobalSection(ExtensibilityGlobals) = postSolution
		SolutionGuid = {5BDE50E4-8BA4-4984-8A98-EC6046B7337E}
	EndGlobalSection
EndGlobal
