
Microsoft Visual Studio Solution File, Format Version 12.00
# Visual Studio 15
VisualStudioVersion = 15.0.28307.1758
MinimumVisualStudioVersion = 10.0.40219.1
Project("{FAE04EC0-301F-11D3-BF4B-00C04F79EFBC}") = "PackageCalculator", "PackageCalculator\PackageCalculator.csproj", "{993768AD-4D8A-4EF3-8C5F-D32C1448DE64}"
EndProject
Global
	GlobalSection(SolutionConfigurationPlatforms) = preSolution
		Debug|Any CPU = Debug|Any CPU
		Release|Any CPU = Release|Any CPU
	EndGlobalSection
	GlobalSection(ProjectConfigurationPlatforms) = postSolution
		{993768AD-4D8A-4EF3-8C5F-D32C1448DE64}.Debug|Any CPU.ActiveCfg = Debug|Any CPU
		{993768AD-4D8A-4EF3-8C5F-D32C1448DE64}.Debug|Any CPU.Build.0 = Debug|Any CPU
		{993768AD-4D8A-4EF3-8C5F-D32C1448DE64}.Release|Any CPU.ActiveCfg = Release|Any CPU
		{993768AD-4D8A-4EF3-8C5F-D32C1448DE64}.Release|Any CPU.Build.0 = Release|Any CPU
	EndGlobalSection
	GlobalSection(SolutionProperties) = preSolution
		HideSolutionNode = FALSE
	EndGlobalSection
	GlobalSection(ExtensibilityGlobals) = postSolution
		SolutionGuid = {67A19D29-B905-4541-B49B-F7DE2A2E4401}
	EndGlobalSection
EndGlobal
